{
  "name": "warden-kool-integration",
  "lockfileVersion": 3,
  "requires": true,
  "packages": {
    "": {
      "name": "warden-kool-integration",
      "dependencies": {
        "@joinkool/sdk": "https://app.joinkool.co/scripts/kool-sdk.tgz"
      }
    },
    "node_modules/@joinkool/sdk": {
      "version": "0.1.0",
      "resolved": "https://app.joinkool.co/scripts/kool-sdk.tgz",
      "integrity": "sha512-i7d6m82WYNCWj6DWsJopz8vAkYAQaRjkT/FjBbXwGohsR4Q9Uxv0Z6ogKYfQMDJ3btETPrW9lk/2jaO9OyBecA==",
      "license": "UNLICENSED",
      "engines": {
        "node": ">=22"
      }
    }
  }
}
