{
  "name": "warden-kool-integration",
  "lockfileVersion": 3,
  "requires": true,
  "packages": {
    "": {
      "name": "warden-kool-integration",
      "dependencies": {
        "@joinkool/sdk": "https://app.joinkool.co/scripts/kool-sdk.tgz"
      }
    },
    "node_modules/@joinkool/sdk": {
      "version": "0.2.0",
      "resolved": "https://app.joinkool.co/scripts/kool-sdk.tgz",
      "integrity": "sha512-WKXhZj8rzlreq+NQ4buDM0zNEDzu4aUPiUamHsxVafN3oLkRAS63irVg2Sb9QD8Xgjg9/EcqGCymTQFJnrifrA==",
      "license": "UNLICENSED",
      "engines": {
        "node": ">=22"
      }
    }
  }
}
